// !$*UTF8*$!
{
	archiveVersion = 1;
	classes = {
	};
	objectVersion = 46;
	objects = {

/* Begin PBXBuildFile section */
		6E7D766DC514D6CC1F2A6B43 /* Pods_SwipeTest.framework in Frameworks */ = {isa = PBXBuildFile; fileRef = C2F5E6E646CE25E3505B97EB /* Pods_SwipeTest.framework */; };
		C9A651F21D6826B3000FD57F /* AppDelegate.swift in Sources */ = {isa = PBXBuildFile; fileRef = C9A651F11D6826B3000FD57F /* AppDelegate.swift */; };
		C9A651F41D6826B3000FD57F /* ViewController.swift in Sources */ = {isa = PBXBuildFile; fileRef = C9A651F31D6826B3000FD57F /* ViewController.swift */; };
		C9A651F71D6826B3000FD57F /* Main.storyboard in Resources */ = {isa = PBXBuildFile; fileRef = C9A651F51D6826B3000FD57F /* Main.storyboard */; };
		C9A651F91D6826B3000FD57F /* Assets.xcassets in Resources */ = {isa = PBXBuildFile; fileRef = C9A651F81D6826B3000FD57F /* Assets.xcassets */; };
		C9A651FC1D6826B3000FD57F /* LaunchScreen.storyboard in Resources */ = {isa = PBXBuildFile; fileRef = C9A651FA1D6826B3000FD57F /* LaunchScreen.storyboard */; };
		C9A652041D688F37000FD57F /* ExampleOverlayView.swift in Sources */ = {isa = PBXBuildFile; fileRef = C9A652031D688F37000FD57F /* ExampleOverlayView.swift */; };
		C9A652071D688F47000FD57F /* OverlayView.xib in Resources */ = {isa = PBXBuildFile; fileRef = C9A652051D688F47000FD57F /* OverlayView.xib */; };
/* End PBXBuildFile section */

/* Begin PBXFileReference section */
		5BACD9D915DFDA6E8CF61023 /* Pods-SwipeTest.release.xcconfig */ = {isa = PBXFileReference; includeInIndex = 1; lastKnownFileType = text.xcconfig; name = "Pods-SwipeTest.release.xcconfig"; path = "Pods/Target Support Files/Pods-SwipeTest/Pods-SwipeTest.release.xcconfig"; sourceTree = "<group>"; };
		C2F5E6E646CE25E3505B97EB /* Pods_SwipeTest.framework */ = {isa = PBXFileReference; explicitFileType = wrapper.framework; includeInIndex = 0; path = Pods_SwipeTest.framework; sourceTree = BUILT_PRODUCTS_DIR; };
		C4B269D6854C8EC5DC6AC35A /* Pods-SwipeTest.debug.xcconfig */ = {isa = PBXFileReference; includeInIndex = 1; lastKnownFileType = text.xcconfig; name = "Pods-SwipeTest.debug.xcconfig"; path = "Pods/Target Support Files/Pods-SwipeTest/Pods-SwipeTest.debug.xcconfig"; sourceTree = "<group>"; };
		C9A651EE1D6826B2000FD57F /* SwipeTest.app */ = {isa = PBXFileReference; explicitFileType = wrapper.application; includeInIndex = 0; path = SwipeTest.app; sourceTree = BUILT_PRODUCTS_DIR; };
		C9A651F11D6826B3000FD57F /* AppDelegate.swift */ = {isa = PBXFileReference; lastKnownFileType = sourcecode.swift; path = AppDelegate.swift; sourceTree = "<group>"; };
		C9A651F31D6826B3000FD57F /* ViewController.swift */ = {isa = PBXFileReference; lastKnownFileType = sourcecode.swift; path = ViewController.swift; sourceTree = "<group>"; };
		C9A651F61D6826B3000FD57F /* Base */ = {isa = PBXFileReference; lastKnownFileType = file.storyboard; name = Base; path = Base.lproj/Main.storyboard; sourceTree = "<group>"; };
		C9A651F81D6826B3000FD57F /* Assets.xcassets */ = {isa = PBXFileReference; lastKnownFileType = folder.assetcatalog; path = Assets.xcassets; sourceTree = "<group>"; };
		C9A651FB1D6826B3000FD57F /* Base */ = {isa = PBXFileReference; lastKnownFileType = file.storyboard; name = Base; path = Base.lproj/LaunchScreen.storyboard; sourceTree = "<group>"; };
		C9A651FD1D6826B3000FD57F /* Info.plist */ = {isa = PBXFileReference; lastKnownFileType = text.plist.xml; path = Info.plist; sourceTree = "<group>"; };
		C9A652031D688F37000FD57F /* ExampleOverlayView.swift */ = {isa = PBXFileReference; fileEncoding = 4; lastKnownFileType = sourcecode.swift; path = ExampleOverlayView.swift; sourceTree = "<group>"; };
		C9A652061D688F47000FD57F /* Base */ = {isa = PBXFileReference; lastKnownFileType = file.xib; name = Base; path = Base.lproj/OverlayView.xib; sourceTree = "<group>"; };
/* End PBXFileReference section */

/* Begin PBXFrameworksBuildPhase section */
		C9A651EB1D6826B2000FD57F /* Frameworks */ = {
			isa = PBXFrameworksBuildPhase;
			buildActionMask = 2147483647;
			files = (
				6E7D766DC514D6CC1F2A6B43 /* Pods_SwipeTest.framework in Frameworks */,
			);
			runOnlyForDeploymentPostprocessing = 0;
		};
/* End PBXFrameworksBuildPhase section */

/* Begin PBXGroup section */
		785CD4CE11C5796AECFC6419 /* Pods */ = {
			isa = PBXGroup;
			children = (
				C4B269D6854C8EC5DC6AC35A /* Pods-SwipeTest.debug.xcconfig */,
				5BACD9D915DFDA6E8CF61023 /* Pods-SwipeTest.release.xcconfig */,
			);
			name = Pods;
			sourceTree = "<group>";
		};
		C9A651E51D6826B2000FD57F = {
			isa = PBXGroup;
			children = (
				C9A651F01D6826B3000FD57F /* SwipeTest */,
				C9A651EF1D6826B2000FD57F /* Products */,
				785CD4CE11C5796AECFC6419 /* Pods */,
				CC9CD23C706A321B6F059040 /* Frameworks */,
			);
			sourceTree = "<group>";
		};
		C9A651EF1D6826B2000FD57F /* Products */ = {
			isa = PBXGroup;
			children = (
				C9A651EE1D6826B2000FD57F /* SwipeTest.app */,
			);
			name = Products;
			sourceTree = "<group>";
		};
		C9A651F01D6826B3000FD57F /* SwipeTest */ = {
			isa = PBXGroup;
			children = (
				C9A651F11D6826B3000FD57F /* AppDelegate.swift */,
				C9A651F31D6826B3000FD57F /* ViewController.swift */,
				C9A652031D688F37000FD57F /* ExampleOverlayView.swift */,
				C9A651F51D6826B3000FD57F /* Main.storyboard */,
				C9A652051D688F47000FD57F /* OverlayView.xib */,
				C9A651F81D6826B3000FD57F /* Assets.xcassets */,
				C9A651FA1D6826B3000FD57F /* LaunchScreen.storyboard */,
				C9A651FD1D6826B3000FD57F /* Info.plist */,
			);
			path = SwipeTest;
			sourceTree = "<group>";
		};
		CC9CD23C706A321B6F059040 /* Frameworks */ = {
			isa = PBXGroup;
			children = (
				C2F5E6E646CE25E3505B97EB /* Pods_SwipeTest.framework */,
			);
			name = Frameworks;
			sourceTree = "<group>";
		};
/* End PBXGroup section */

/* Begin PBXNativeTarget section */
		C9A651ED1D6826B2000FD57F /* SwipeTest */ = {
			isa = PBXNativeTarget;
			buildConfigurationList = C9A652001D6826B3000FD57F /* Build configuration list for PBXNativeTarget "SwipeTest" */;
			buildPhases = (
				8EDB19E3667C9F915646A509 /* [CP] Check Pods Manifest.lock */,
				C9A651EA1D6826B2000FD57F /* Sources */,
				C9A651EB1D6826B2000FD57F /* Frameworks */,
				C9A651EC1D6826B2000FD57F /* Resources */,
				0538F1D52775A59568298B16 /* [CP] Embed Pods Frameworks */,
				148860CFBF2F36A38ABA3F33 /* [CP] Copy Pods Resources */,
			);
			buildRules = (
			);
			dependencies = (
			);
			name = SwipeTest;
			productName = SwipeTest;
			productReference = C9A651EE1D6826B2000FD57F /* SwipeTest.app */;
			productType = "com.apple.product-type.application";
		};
/* End PBXNativeTarget section */

/* Begin PBXProject section */
		C9A651E61D6826B2000FD57F /* Project object */ = {
			isa = PBXProject;
			attributes = {
				LastSwiftUpdateCheck = 0730;
				LastUpgradeCheck = 0730;
				ORGANIZATIONNAME = windymobile;
				TargetAttributes = {
					C9A651ED1D6826B2000FD57F = {
						CreatedOnToolsVersion = 7.3;
					};
				};
			};
			buildConfigurationList = C9A651E91D6826B2000FD57F /* Build configuration list for PBXProject "SwipeTest" */;
			compatibilityVersion = "Xcode 3.2";
			developmentRegion = English;
			hasScannedForEncodings = 0;
			knownRegions = (
				en,
				Base,
			);
			mainGroup = C9A651E51D6826B2000FD57F;
			productRefGroup = C9A651EF1D6826B2000FD57F /* Products */;
			projectDirPath = "";
			projectRoot = "";
			targets = (
				C9A651ED1D6826B2000FD57F /* SwipeTest */,
			);
		};
/* End PBXProject section */

/* Begin PBXResourcesBuildPhase section */
		C9A651EC1D6826B2000FD57F /* Resources */ = {
			isa = PBXResourcesBuildPhase;
			buildActionMask = 2147483647;
			files = (
				C9A651FC1D6826B3000FD57F /* LaunchScreen.storyboard in Resources */,
				C9A652071D688F47000FD57F /* OverlayView.xib in Resources */,
				C9A651F91D6826B3000FD57F /* Assets.xcassets in Resources */,
				C9A651F71D6826B3000FD57F /* Main.storyboard in Resources */,
			);
			runOnlyForDeploymentPostprocessing = 0;
		};
/* End PBXResourcesBuildPhase section */

/* Begin PBXShellScriptBuildPhase section */
		0538F1D52775A59568298B16 /* [CP] Embed Pods Frameworks */ = {
			isa = PBXShellScriptBuildPhase;
			buildActionMask = 2147483647;
			files = (
			);
			inputPaths = (
			);
			name = "[CP] Embed Pods Frameworks";
			outputPaths = (
			);
			runOnlyForDeploymentPostprocessing = 0;
			shellPath = /bin/sh;
			shellScript = "\"${SRCROOT}/Pods/Target Support Files/Pods-SwipeTest/Pods-SwipeTest-frameworks.sh\"\n";
			showEnvVarsInLog = 0;
		};
		148860CFBF2F36A38ABA3F33 /* [CP] Copy Pods Resources */ = {
			isa = PBXShellScriptBuildPhase;
			buildActionMask = 2147483647;
			files = (
			);
			inputPaths = (
			);
			name = "[CP] Copy Pods Resources";
			outputPaths = (
			);
			runOnlyForDeploymentPostprocessing = 0;
			shellPath = /bin/sh;
			shellScript = "\"${SRCROOT}/Pods/Target Support Files/Pods-SwipeTest/Pods-SwipeTest-resources.sh\"\n";
			showEnvVarsInLog = 0;
		};
		8EDB19E3667C9F915646A509 /* [CP] Check Pods Manifest.lock */ = {
			isa = PBXShellScriptBuildPhase;
			buildActionMask = 2147483647;
			files = (
			);
			inputPaths = (
			);
			name = "[CP] Check Pods Manifest.lock";
			outputPaths = (
			);
			runOnlyForDeploymentPostprocessing = 0;
			shellPath = /bin/sh;
			shellScript = "diff \"${PODS_ROOT}/../Podfile.lock\" \"${PODS_ROOT}/Manifest.lock\" > /dev/null\nif [[ $? != 0 ]] ; then\n    cat << EOM\nerror: The sandbox is not in sync with the Podfile.lock. Run 'pod install' or update your CocoaPods installation.\nEOM\n    exit 1\nfi\n";
			showEnvVarsInLog = 0;
		};
/* End PBXShellScriptBuildPhase section */

/* Begin PBXSourcesBuildPhase section */
		C9A651EA1D6826B2000FD57F /* Sources */ = {
			isa = PBXSourcesBuildPhase;
			buildActionMask = 2147483647;
			files = (
				C9A651F41D6826B3000FD57F /* ViewController.swift in Sources */,
				C9A651F21D6826B3000FD57F /* AppDelegate.swift in Sources */,
				C9A652041D688F37000FD57F /* ExampleOverlayView.swift in Sources */,
			);
			runOnlyForDeploymentPostprocessing = 0;
		};
/* End PBXSourcesBuildPhase section */

/* Begin PBXVariantGroup section */
		C9A651F51D6826B3000FD57F /* Main.storyboard */ = {
			isa = PBXVariantGroup;
			children = (
				C9A651F61D6826B3000FD57F /* Base */,
			);
			name = Main.storyboard;
			sourceTree = "<group>";
		};
		C9A651FA1D6826B3000FD57F /* LaunchScreen.storyboard */ = {
			isa = PBXVariantGroup;
			children = (
				C9A651FB1D6826B3000FD57F /* Base */,
			);
			name = LaunchScreen.storyboard;
			sourceTree = "<group>";
		};
		C9A652051D688F47000FD57F /* OverlayView.xib */ = {
			isa = PBXVariantGroup;
			children = (
				C9A652061D688F47000FD57F /* Base */,
			);
			name = OverlayView.xib;
			sourceTree = "<group>";
		};
/* End PBXVariantGroup section */

/* Begin XCBuildConfiguration section */
		C9A651FE1D6826B3000FD57F /* Debug */ = {
			isa = XCBuildConfiguration;
			buildSettings = {
				ALWAYS_SEARCH_USER_PATHS = NO;
				CLANG_ANALYZER_NONNULL = YES;
				CLANG_CXX_LANGUAGE_STANDARD = "gnu++0x";
				CLANG_CXX_LIBRARY = "libc++";
				CLANG_ENABLE_MODULES = YES;
				CLANG_ENABLE_OBJC_ARC = YES;
				CLANG_WARN_BOOL_CONVERSION = YES;
				CLANG_WARN_CONSTANT_CONVERSION = YES;
				CLANG_WARN_DIRECT_OBJC_ISA_USAGE = YES_ERROR;
				CLANG_WARN_EMPTY_BODY = YES;
				CLANG_WARN_ENUM_CONVERSION = YES;
				CLANG_WARN_INT_CONVERSION = YES;
				CLANG_WARN_OBJC_ROOT_CLASS = YES_ERROR;
				CLANG_WARN_UNREACHABLE_CODE = YES;
				CLANG_WARN__DUPLICATE_METHOD_MATCH = YES;
				"CODE_SIGN_IDENTITY[sdk=iphoneos*]" = "iPhone Developer";
				COPY_PHASE_STRIP = NO;
				DEBUG_INFORMATION_FORMAT = dwarf;
				ENABLE_STRICT_OBJC_MSGSEND = YES;
				ENABLE_TESTABILITY = YES;
				GCC_C_LANGUAGE_STANDARD = gnu99;
				GCC_DYNAMIC_NO_PIC = NO;
				GCC_NO_COMMON_BLOCKS = YES;
				GCC_OPTIMIZATION_LEVEL = 0;
				GCC_PREPROCESSOR_DEFINITIONS = (
					"DEBUG=1",
					"$(inherited)",
				);
				GCC_WARN_64_TO_32_BIT_CONVERSION = YES;
				GCC_WARN_ABOUT_RETURN_TYPE = YES_ERROR;
				GCC_WARN_UNDECLARED_SELECTOR = YES;
				GCC_WARN_UNINITIALIZED_AUTOS = YES_AGGRESSIVE;
				GCC_WARN_UNUSED_FUNCTION = YES;
				GCC_WARN_UNUSED_VARIABLE = YES;
				IPHONEOS_DEPLOYMENT_TARGET = 9.3;
				MTL_ENABLE_DEBUG_INFO = YES;
				ONLY_ACTIVE_ARCH = YES;
				SDKROOT = iphoneos;
				SWIFT_OPTIMIZATION_LEVEL = "-Onone";
			};
			name = Debug;
		};
		C9A651FF1D6826B3000FD57F /* Release */ = {
			isa = XCBuildConfiguration;
			buildSettings = {
				ALWAYS_SEARCH_USER_PATHS = NO;
				CLANG_ANALYZER_NONNULL = YES;
				CLANG_CXX_LANGUAGE_STANDARD = "gnu++0x";
				CLANG_CXX_LIBRARY = "libc++";
				CLANG_ENABLE_MODULES = YES;
				CLANG_ENABLE_OBJC_ARC = YES;
				CLANG_WARN_BOOL_CONVERSION = YES;
				CLANG_WARN_CONSTANT_CONVERSION = YES;
				CLANG_WARN_DIRECT_OBJC_ISA_USAGE = YES_ERROR;
				CLANG_WARN_EMPTY_BODY = YES;
				CLANG_WARN_ENUM_CONVERSION = YES;
				CLANG_WARN_INT_CONVERSION = YES;
				CLANG_WARN_OBJC_ROOT_CLASS = YES_ERROR;
				CLANG_WARN_UNREACHABLE_CODE = YES;
				CLANG_WARN__DUPLICATE_METHOD_MATCH = YES;
				"CODE_SIGN_IDENTITY[sdk=iphoneos*]" = "iPhone Developer";
				COPY_PHASE_STRIP = NO;
				DEBUG_INFORMATION_FORMAT = "dwarf-with-dsym";
				ENABLE_NS_ASSERTIONS = NO;
				ENABLE_STRICT_OBJC_MSGSEND = YES;
				GCC_C_LANGUAGE_STANDARD = gnu99;
				GCC_NO_COMMON_BLOCKS = YES;
				GCC_WARN_64_TO_32_BIT_CONVERSION = YES;
				GCC_WARN_ABOUT_RETURN_TYPE = YES_ERROR;
				GCC_WARN_UNDECLARED_SELECTOR = YES;
				GCC_WARN_UNINITIALIZED_AUTOS = YES_AGGRESSIVE;
				GCC_WARN_UNUSED_FUNCTION = YES;
				GCC_WARN_UNUSED_VARIABLE = YES;
				IPHONEOS_DEPLOYMENT_TARGET = 9.3;
				MTL_ENABLE_DEBUG_INFO = NO;
				SDKROOT = iphoneos;
				VALIDATE_PRODUCT = YES;
			};
			name = Release;
		};
		C9A652011D6826B3000FD57F /* Debug */ = {
			isa = XCBuildConfiguration;
			baseConfigurationReference = C4B269D6854C8EC5DC6AC35A /* Pods-SwipeTest.debug.xcconfig */;
			buildSettings = {
				ASSETCATALOG_COMPILER_APPICON_NAME = AppIcon;
				CODE_SIGN_IDENTITY = "iPhone Distribution: Streamli Inc. (KWPN9666CH)";
				"CODE_SIGN_IDENTITY[sdk=iphoneos*]" = "iPhone Distribution: Streamli Inc. (KWPN9666CH)";
				INFOPLIST_FILE = SwipeTest/Info.plist;
				LD_RUNPATH_SEARCH_PATHS = "$(inherited) @executable_path/Frameworks";
				PRODUCT_BUNDLE_IDENTIFIER = "";
				PRODUCT_NAME = "$(TARGET_NAME)";
				PROVISIONING_PROFILE = "c833d851-e4e4-498a-93a7-fb9d38e50b0c";
			};
			name = Debug;
		};
		C9A652021D6826B3000FD57F /* Release */ = {
			isa = XCBuildConfiguration;
			baseConfigurationReference = 5BACD9D915DFDA6E8CF61023 /* Pods-SwipeTest.release.xcconfig */;
			buildSettings = {
				ASSETCATALOG_COMPILER_APPICON_NAME = AppIcon;
				CODE_SIGN_IDENTITY = "iPhone Distribution: Streamli Inc. (KWPN9666CH)";
				"CODE_SIGN_IDENTITY[sdk=iphoneos*]" = "iPhone Distribution: Streamli Inc. (KWPN9666CH)";
				INFOPLIST_FILE = SwipeTest/Info.plist;
				LD_RUNPATH_SEARCH_PATHS = "$(inherited) @executable_path/Frameworks";
				PRODUCT_BUNDLE_IDENTIFIER = "";
				PRODUCT_NAME = "$(TARGET_NAME)";
				PROVISIONING_PROFILE = "c833d851-e4e4-498a-93a7-fb9d38e50b0c";
			};
			name = Release;
		};
/* End XCBuildConfiguration section */

/* Begin XCConfigurationList section */
		C9A651E91D6826B2000FD57F /* Build configuration list for PBXProject "SwipeTest" */ = {
			isa = XCConfigurationList;
			buildConfigurations = (
				C9A651FE1D6826B3000FD57F /* Debug */,
				C9A651FF1D6826B3000FD57F /* Release */,
			);
			defaultConfigurationIsVisible = 0;
			defaultConfigurationName = Release;
		};
		C9A652001D6826B3000FD57F /* Build configuration list for PBXNativeTarget "SwipeTest" */ = {
			isa = XCConfigurationList;
			buildConfigurations = (
				C9A652011D6826B3000FD57F /* Debug */,
				C9A652021D6826B3000FD57F /* Release */,
			);
			defaultConfigurationIsVisible = 0;
			defaultConfigurationName = Release;
		};
/* End XCConfigurationList section */
	};
	rootObject = C9A651E61D6826B2000FD57F /* Project object */;
}
